
Microsoft Visual Studio Solution File, Format Version 12.00
# Visual Studio Version 17
VisualStudioVersion = 17.6.33815.320
MinimumVisualStudioVersion = 10.0.40219.1
Project("{FAE04EC0-301F-11D3-BF4B-00C04F79EFBC}") = "workoutSchedule", "workoutSchedule.csproj", "{4731C545-C0F8-4A1C-BF78-2424E3C2CBD7}"
EndProject
Global
	GlobalSection(SolutionConfigurationPlatforms) = preSolution
		Debug|Any CPU = Debug|Any CPU
		Release|Any CPU = Release|Any CPU
	EndGlobalSection
	GlobalSection(ProjectConfigurationPlatforms) = postSolution
		{4731C545-C0F8-4A1C-BF78-2424E3C2CBD7}.Debug|Any CPU.ActiveCfg = Debug|Any CPU
		{4731C545-C0F8-4A1C-BF78-2424E3C2CBD7}.Debug|Any CPU.Build.0 = Debug|Any CPU
		{4731C545-C0F8-4A1C-BF78-2424E3C2CBD7}.Release|Any CPU.ActiveCfg = Release|Any CPU
		{4731C545-C0F8-4A1C-BF78-2424E3C2CBD7}.Release|Any CPU.Build.0 = Release|Any CPU
	EndGlobalSection
	GlobalSection(SolutionProperties) = preSolution
		HideSolutionNode = FALSE
	EndGlobalSection
	GlobalSection(ExtensibilityGlobals) = postSolution
		SolutionGuid = {77A9DAEF-7480-41C8-9102-FD2700300EE3}
	EndGlobalSection
EndGlobal
